# This file was autogenerated by Stack.
# You should not edit this file by hand.
# For more information, please see the documentation at:
#   https://docs.haskellstack.org/en/stable/lock_files

packages:
- completed:
    hackage: ivory-0.1.0.9@sha256:9fc1abaccafbd09ef23d1616ba185208b6017d48cf160f4e78144c15da89186a,4779
    pantry-tree:
      size: 4776
      sha256: 4ee649ac96a7a1e2db555468dfcd03c398ca73a06f859a9924bc5fc560426ebf
  original:
    hackage: ivory-0.1.0.9
- completed:
    hackage: ivory-artifact-0.1.0.5@sha256:547dc083b98597ada7a1627c17f3c17bdd169c429efcb80f311b9beb2b43452f,1162
    pantry-tree:
      size: 434
      sha256: dafe5bf6cc14e6246ec5f08a651cdaa6b31578b483a856fc2f5d8bcfcd9894f4
  original:
    hackage: ivory-artifact-0.1.0.5
- completed:
    hackage: ivory-hw-0.1.0.6@sha256:b184139af2c31b65a7f7f7610fe949a1f4a26b8ab63955914893f69d76cdb5fc,1444
    pantry-tree:
      size: 643
      sha256: c718b0194385534a71024c59a03e6d49a3e3d46099ea37b5fea16cda4e1de272
  original:
    hackage: ivory-hw-0.1.0.6
- completed:
    hackage: monadLib-3.7.3@sha256:3ffd5229638985bfd8b861e7bad0afa643d65cefe110f8d7d619989beb7a6f3e,980
    pantry-tree:
      size: 426
      sha256: f6ff91ff11000bf19c1c1ea57e3a897916765b581caa7934db9f049a39d875ad
  original:
    hackage: monadLib-3.7.3
- completed:
    hackage: th-abstraction-0.2.11.0@sha256:5c286870277705796887d0cbfa48a6aa5e0f206152592a54fbc550d8ce0c5ab5,1827
    pantry-tree:
      size: 583
      sha256: 1e1b3b254c9021294bb7c9afbb079d75b8d03d2ea8b4b3aad94df5ad9e77ec11
  original:
    hackage: th-abstraction-0.2.11.0
snapshots:
- completed:
    size: 524996
    url: https://raw.githubusercontent.com/commercialhaskell/stackage-snapshots/master/lts/14/27.yaml
    sha256: 7ea31a280c56bf36ff591a7397cc384d0dff622e7f9e4225b47d8980f019a0f0
  original: lts-14.27
